
Microsoft Visual Studio Solution File, Format Version 11.00
# Visual Studio 2010
Project("{FAE04EC0-301F-11D3-BF4B-00C04F79EFBC}") = "Assembly-CSharp", "Assembly-CSharp.csproj", "{240751C8-F23C-B735-3B77-FE4F98B3532A}"
EndProject
Global
	GlobalSection(SolutionConfigurationPlatforms) = preSolution
		Debug|Any CPU = Debug|Any CPU
		Release|Any CPU = Release|Any CPU
	EndGlobalSection
	GlobalSection(ProjectConfigurationPlatforms) = postSolution
		{240751C8-F23C-B735-3B77-FE4F98B3532A}.Debug|Any CPU.ActiveCfg = Debug|Any CPU
		{240751C8-F23C-B735-3B77-FE4F98B3532A}.Debug|Any CPU.Build.0 = Debug|Any CPU
		{240751C8-F23C-B735-3B77-FE4F98B3532A}.Release|Any CPU.ActiveCfg = Release|Any CPU
		{240751C8-F23C-B735-3B77-FE4F98B3532A}.Release|Any CPU.Build.0 = Release|Any CPU
	EndGlobalSection
	GlobalSection(SolutionProperties) = preSolution
		HideSolutionNode = FALSE
	EndGlobalSection
EndGlobal
